
Microsoft Visual Studio Solution File, Format Version 11.00
# Visual Studio 2010
Project("{8BC9CEB8-8B4A-11D0-8D11-00A0C91BC942}") = "ct_file_enc", "ct_file_enc.vcxproj", "{060F521B-60B8-38D1-A49C-B04D4A7622B1}"
EndProject
Global
	GlobalSection(SolutionConfigurationPlatforms) = preSolution
		Debug|Win32 = Debug|Win32
		Release|Win32 = Release|Win32
	EndGlobalSection
	GlobalSection(ProjectConfigurationPlatforms) = postSolution
		{060F521B-60B8-38D1-A49C-B04D4A7622B1}.Debug|Win32.ActiveCfg = Debug|Win32
		{060F521B-60B8-38D1-A49C-B04D4A7622B1}.Debug|Win32.Build.0 = Debug|Win32
		{060F521B-60B8-38D1-A49C-B04D4A7622B1}.Release|Win32.ActiveCfg = Release|Win32
		{060F521B-60B8-38D1-A49C-B04D4A7622B1}.Release|Win32.Build.0 = Release|Win32
	EndGlobalSection
	GlobalSection(SolutionProperties) = preSolution
		HideSolutionNode = FALSE
	EndGlobalSection
EndGlobal
